
Microsoft Visual Studio Solution File, Format Version 12.00
# Visual Studio 14
VisualStudioVersion = 14.0.24720.0
MinimumVisualStudioVersion = 10.0.40219.1
Project("{FAE04EC0-301F-11D3-BF4B-00C04F79EFBC}") = "Roguicka", "Roguicka\Roguicka.csproj", "{B223CC16-7455-4956-B893-5C4DD2652C05}"
EndProject
Project("{FAE04EC0-301F-11D3-BF4B-00C04F79EFBC}") = "Roguicka.Tests", "Roguicka.Tests\Roguicka.Tests.csproj", "{267C14E2-2AEB-4444-8EE3-C237AFC79EC1}"
EndProject
Global
	GlobalSection(SolutionConfigurationPlatforms) = preSolution
		Debug|Any CPU = Debug|Any CPU
		Debug|x86 = Debug|x86
		Release|Any CPU = Release|Any CPU
		Release|x86 = Release|x86
	EndGlobalSection
	GlobalSection(ProjectConfigurationPlatforms) = postSolution
		{B223CC16-7455-4956-B893-5C4DD2652C05}.Debug|Any CPU.ActiveCfg = Debug|x86
		{B223CC16-7455-4956-B893-5C4DD2652C05}.Debug|x86.ActiveCfg = Debug|x86
		{B223CC16-7455-4956-B893-5C4DD2652C05}.Debug|x86.Build.0 = Debug|x86
		{B223CC16-7455-4956-B893-5C4DD2652C05}.Release|Any CPU.ActiveCfg = Release|x86
		{B223CC16-7455-4956-B893-5C4DD2652C05}.Release|x86.ActiveCfg = Release|x86
		{B223CC16-7455-4956-B893-5C4DD2652C05}.Release|x86.Build.0 = Release|x86
		{267C14E2-2AEB-4444-8EE3-C237AFC79EC1}.Debug|Any CPU.ActiveCfg = Debug|Any CPU
		{267C14E2-2AEB-4444-8EE3-C237AFC79EC1}.Debug|Any CPU.Build.0 = Debug|Any CPU
		{267C14E2-2AEB-4444-8EE3-C237AFC79EC1}.Debug|x86.ActiveCfg = Debug|x86
		{267C14E2-2AEB-4444-8EE3-C237AFC79EC1}.Debug|x86.Build.0 = Debug|x86
		{267C14E2-2AEB-4444-8EE3-C237AFC79EC1}.Release|Any CPU.ActiveCfg = Release|Any CPU
		{267C14E2-2AEB-4444-8EE3-C237AFC79EC1}.Release|Any CPU.Build.0 = Release|Any CPU
		{267C14E2-2AEB-4444-8EE3-C237AFC79EC1}.Release|x86.ActiveCfg = Release|Any CPU
		{267C14E2-2AEB-4444-8EE3-C237AFC79EC1}.Release|x86.Build.0 = Release|Any CPU
	EndGlobalSection
	GlobalSection(SolutionProperties) = preSolution
		HideSolutionNode = FALSE
	EndGlobalSection
EndGlobal
